
Microsoft Visual Studio Solution File, Format Version 12.00
# Visual Studio Version 17
VisualStudioVersion = 17.14.36109.1 d17.14
MinimumVisualStudioVersion = 10.0.40219.1
Project("{FAE04EC0-301F-11D3-BF4B-00C04F79EFBC}") = "Guia 7.2 Condicion del alumno", "Guia 7.2 Condicion del alumno\Guia 7.2 Condicion del alumno.csproj", "{63C364DD-3DBB-4877-984B-B64E1AF5A095}"
EndProject
Global
	GlobalSection(SolutionConfigurationPlatforms) = preSolution
		Debug|Any CPU = Debug|Any CPU
		Release|Any CPU = Release|Any CPU
	EndGlobalSection
	GlobalSection(ProjectConfigurationPlatforms) = postSolution
		{63C364DD-3DBB-4877-984B-B64E1AF5A095}.Debug|Any CPU.ActiveCfg = Debug|Any CPU
		{63C364DD-3DBB-4877-984B-B64E1AF5A095}.Debug|Any CPU.Build.0 = Debug|Any CPU
		{63C364DD-3DBB-4877-984B-B64E1AF5A095}.Release|Any CPU.ActiveCfg = Release|Any CPU
		{63C364DD-3DBB-4877-984B-B64E1AF5A095}.Release|Any CPU.Build.0 = Release|Any CPU
	EndGlobalSection
	GlobalSection(SolutionProperties) = preSolution
		HideSolutionNode = FALSE
	EndGlobalSection
	GlobalSection(ExtensibilityGlobals) = postSolution
		SolutionGuid = {D9E11744-E578-4674-B055-37582F1AE39B}
	EndGlobalSection
EndGlobal
